
Microsoft Visual Studio Solution File, Format Version 12.00
# Visual Studio Version 16
VisualStudioVersion = 16.0.30709.132
MinimumVisualStudioVersion = 10.0.40219.1
Project("{8BC9CEB8-8B4A-11D0-8D11-00A0C91BC942}") = "SpeedHack", "SpeedHack\SpeedHack.vcxproj", "{291FD03D-83B2-4FEF-8ADA-7DF27F301FE9}"
	ProjectSection(ProjectDependencies) = postProject
		{86E6C1AE-9330-4BCB-98F8-A379C2A0A62B} = {86E6C1AE-9330-4BCB-98F8-A379C2A0A62B}
	EndProjectSection
EndProject
Project("{8BC9CEB8-8B4A-11D0-8D11-00A0C91BC942}") = "Detours", "Detours_4.0.1\src\Detours.vcxproj", "{86E6C1AE-9330-4BCB-98F8-A379C2A0A62B}"
EndProject
Global
	GlobalSection(SolutionConfigurationPlatforms) = preSolution
		Debug|x64 = Debug|x64
		Debug|x86 = Debug|x86
		Release|x64 = Release|x64
		Release|x86 = Release|x86
	EndGlobalSection
	GlobalSection(ProjectConfigurationPlatforms) = postSolution
		{291FD03D-83B2-4FEF-8ADA-7DF27F301FE9}.Debug|x64.ActiveCfg = Debug|x64
		{291FD03D-83B2-4FEF-8ADA-7DF27F301FE9}.Debug|x64.Build.0 = Debug|x64
		{291FD03D-83B2-4FEF-8ADA-7DF27F301FE9}.Debug|x86.ActiveCfg = Debug|Win32
		{291FD03D-83B2-4FEF-8ADA-7DF27F301FE9}.Debug|x86.Build.0 = Debug|Win32
		{291FD03D-83B2-4FEF-8ADA-7DF27F301FE9}.Release|x64.ActiveCfg = Release|x64
		{291FD03D-83B2-4FEF-8ADA-7DF27F301FE9}.Release|x64.Build.0 = Release|x64
		{291FD03D-83B2-4FEF-8ADA-7DF27F301FE9}.Release|x86.ActiveCfg = Release|Win32
		{291FD03D-83B2-4FEF-8ADA-7DF27F301FE9}.Release|x86.Build.0 = Release|Win32
		{86E6C1AE-9330-4BCB-98F8-A379C2A0A62B}.Debug|x64.ActiveCfg = Debug|x64
		{86E6C1AE-9330-4BCB-98F8-A379C2A0A62B}.Debug|x64.Build.0 = Debug|x64
		{86E6C1AE-9330-4BCB-98F8-A379C2A0A62B}.Debug|x86.ActiveCfg = Debug|Win32
		{86E6C1AE-9330-4BCB-98F8-A379C2A0A62B}.Debug|x86.Build.0 = Debug|Win32
		{86E6C1AE-9330-4BCB-98F8-A379C2A0A62B}.Release|x64.ActiveCfg = Release|x64
		{86E6C1AE-9330-4BCB-98F8-A379C2A0A62B}.Release|x64.Build.0 = Release|x64
		{86E6C1AE-9330-4BCB-98F8-A379C2A0A62B}.Release|x86.ActiveCfg = Release|Win32
		{86E6C1AE-9330-4BCB-98F8-A379C2A0A62B}.Release|x86.Build.0 = Release|Win32
	EndGlobalSection
	GlobalSection(SolutionProperties) = preSolution
		HideSolutionNode = FALSE
	EndGlobalSection
	GlobalSection(ExtensibilityGlobals) = postSolution
		SolutionGuid = {67121E77-2DB1-42CE-A8FE-56E9A314CB9E}
	EndGlobalSection
EndGlobal
